
Microsoft Visual Studio Solution File, Format Version 12.00
# Visual Studio Version 17
VisualStudioVersion = 17.7.34221.43
MinimumVisualStudioVersion = 10.0.40219.1
Project("{2150E333-8FDC-42A3-9474-1A3956D46DE8}") = "src", "src", "{A6E63E48-4B30-4720-AC77-5368CA4125D1}"
EndProject
Project("{2150E333-8FDC-42A3-9474-1A3956D46DE8}") = "tests", "tests", "{2F3F0300-1C8F-4F63-BAE5-856DA7DAC2DF}"
EndProject
Project("{9A19103F-16F7-4668-BE54-9A1E7A4F7556}") = "MiddleMan.App", "MIddleMan.App\MiddleMan.App.csproj", "{8F182599-7F4B-4A80-A4B4-D37703C36E9F}"
EndProject
Project("{9A19103F-16F7-4668-BE54-9A1E7A4F7556}") = "MiddleMan.App.Tests", "MIddleMan.App.Tests\MiddleMan.App.Tests.csproj", "{41C9BF16-D604-41F3-85DB-DAB1AEF8088B}"
EndProject
Global
	GlobalSection(SolutionConfigurationPlatforms) = preSolution
		Debug|Any CPU = Debug|Any CPU
		Release|Any CPU = Release|Any CPU
	EndGlobalSection
	GlobalSection(ProjectConfigurationPlatforms) = postSolution
		{8F182599-7F4B-4A80-A4B4-D37703C36E9F}.Debug|Any CPU.ActiveCfg = Debug|Any CPU
		{8F182599-7F4B-4A80-A4B4-D37703C36E9F}.Debug|Any CPU.Build.0 = Debug|Any CPU
		{8F182599-7F4B-4A80-A4B4-D37703C36E9F}.Release|Any CPU.ActiveCfg = Release|Any CPU
		{8F182599-7F4B-4A80-A4B4-D37703C36E9F}.Release|Any CPU.Build.0 = Release|Any CPU
		{41C9BF16-D604-41F3-85DB-DAB1AEF8088B}.Debug|Any CPU.ActiveCfg = Debug|Any CPU
		{41C9BF16-D604-41F3-85DB-DAB1AEF8088B}.Debug|Any CPU.Build.0 = Debug|Any CPU
		{41C9BF16-D604-41F3-85DB-DAB1AEF8088B}.Release|Any CPU.ActiveCfg = Release|Any CPU
		{41C9BF16-D604-41F3-85DB-DAB1AEF8088B}.Release|Any CPU.Build.0 = Release|Any CPU
	EndGlobalSection
	GlobalSection(SolutionProperties) = preSolution
		HideSolutionNode = FALSE
	EndGlobalSection
	GlobalSection(NestedProjects) = preSolution
		{8F182599-7F4B-4A80-A4B4-D37703C36E9F} = {A6E63E48-4B30-4720-AC77-5368CA4125D1}
		{41C9BF16-D604-41F3-85DB-DAB1AEF8088B} = {2F3F0300-1C8F-4F63-BAE5-856DA7DAC2DF}
	EndGlobalSection
	GlobalSection(ExtensibilityGlobals) = postSolution
		SolutionGuid = {54BB84A3-76E6-41B3-95E2-B288049D2351}
	EndGlobalSection
EndGlobal
